
Microsoft Visual Studio Solution File, Format Version 12.00
# Visual Studio 15
VisualStudioVersion = 15.0.27004.2009
MinimumVisualStudioVersion = 10.0.40219.1
Project("{FAE04EC0-301F-11D3-BF4B-00C04F79EFBC}") = "Reviso2", "Reviso2\Reviso2.csproj", "{40A9B659-F562-4687-9030-FE6BB1E42BD7}"
EndProject
Global
	GlobalSection(SolutionConfigurationPlatforms) = preSolution
		Debug|Any CPU = Debug|Any CPU
		Release|Any CPU = Release|Any CPU
	EndGlobalSection
	GlobalSection(ProjectConfigurationPlatforms) = postSolution
		{40A9B659-F562-4687-9030-FE6BB1E42BD7}.Debug|Any CPU.ActiveCfg = Debug|Any CPU
		{40A9B659-F562-4687-9030-FE6BB1E42BD7}.Debug|Any CPU.Build.0 = Debug|Any CPU
		{40A9B659-F562-4687-9030-FE6BB1E42BD7}.Release|Any CPU.ActiveCfg = Release|Any CPU
		{40A9B659-F562-4687-9030-FE6BB1E42BD7}.Release|Any CPU.Build.0 = Release|Any CPU
	EndGlobalSection
	GlobalSection(SolutionProperties) = preSolution
		HideSolutionNode = FALSE
	EndGlobalSection
	GlobalSection(ExtensibilityGlobals) = postSolution
		SolutionGuid = {42403A2B-06BA-4B0E-AC4D-6D274A10B61E}
	EndGlobalSection
EndGlobal
